
Microsoft Visual Studio Solution File, Format Version 12.00
# Visual Studio Version 16
VisualStudioVersion = 16.0.31005.135
MinimumVisualStudioVersion = 10.0.40219.1
Project("{9A19103F-16F7-4668-BE54-9A1E7A4F7556}") = "DontThinkJustDrink.Api", "DontThinkJustDrink.Api\DontThinkJustDrink.Api.csproj", "{6EC98095-2EAB-4575-BCF4-B5548D77B457}"
EndProject
Project("{2150E333-8FDC-42A3-9474-1A3956D46DE8}") = "SolutionItems", "SolutionItems", "{AE33072B-54A2-45C8-9871-A67A9048BB16}"
	ProjectSection(SolutionItems) = preProject
		README.md = README.md
	EndProjectSection
EndProject
Global
	GlobalSection(SolutionConfigurationPlatforms) = preSolution
		Debug|Any CPU = Debug|Any CPU
		Release|Any CPU = Release|Any CPU
	EndGlobalSection
	GlobalSection(ProjectConfigurationPlatforms) = postSolution
		{6EC98095-2EAB-4575-BCF4-B5548D77B457}.Debug|Any CPU.ActiveCfg = Debug|Any CPU
		{6EC98095-2EAB-4575-BCF4-B5548D77B457}.Debug|Any CPU.Build.0 = Debug|Any CPU
		{6EC98095-2EAB-4575-BCF4-B5548D77B457}.Release|Any CPU.ActiveCfg = Release|Any CPU
		{6EC98095-2EAB-4575-BCF4-B5548D77B457}.Release|Any CPU.Build.0 = Release|Any CPU
	EndGlobalSection
	GlobalSection(SolutionProperties) = preSolution
		HideSolutionNode = FALSE
	EndGlobalSection
	GlobalSection(ExtensibilityGlobals) = postSolution
		SolutionGuid = {F95B78D0-1141-4FC5-9ACB-FD21AEF76EAF}
	EndGlobalSection
EndGlobal
