
Microsoft Visual Studio Solution File, Format Version 12.00
# Visual Studio Version 16
VisualStudioVersion = 16.0.31005.135
MinimumVisualStudioVersion = 10.0.40219.1
Project("{FAE04EC0-301F-11D3-BF4B-00C04F79EFBC}") = "DontThinkJustDrink.Api", "DontThinkJustDrink.Api\DontThinkJustDrink.Api.csproj", "{6EC98095-2EAB-4575-BCF4-B5548D77B457}"
EndProject
Global
	GlobalSection(SolutionConfigurationPlatforms) = preSolution
		Debug|Any CPU = Debug|Any CPU
		Release|Any CPU = Release|Any CPU
	EndGlobalSection
	GlobalSection(ProjectConfigurationPlatforms) = postSolution
		{6EC98095-2EAB-4575-BCF4-B5548D77B457}.Debug|Any CPU.ActiveCfg = Debug|Any CPU
		{6EC98095-2EAB-4575-BCF4-B5548D77B457}.Debug|Any CPU.Build.0 = Debug|Any CPU
		{6EC98095-2EAB-4575-BCF4-B5548D77B457}.Release|Any CPU.ActiveCfg = Release|Any CPU
		{6EC98095-2EAB-4575-BCF4-B5548D77B457}.Release|Any CPU.Build.0 = Release|Any CPU
	EndGlobalSection
	GlobalSection(SolutionProperties) = preSolution
		HideSolutionNode = FALSE
	EndGlobalSection
	GlobalSection(ExtensibilityGlobals) = postSolution
		SolutionGuid = {F95B78D0-1141-4FC5-9ACB-FD21AEF76EAF}
	EndGlobalSection
EndGlobal
